{
  "version": 4,
  "terraform_version": "1.13.4",
  "serial": 112,
  "lineage": "13ea1f71-5ea7-8db8-6984-5f399114c70c",
  "outputs": {},
  "resources": [
    {
      "mode": "data",
      "type": "aws_caller_identity",
      "name": "current",
      "provider": "provider[\"registry.terraform.io/hashicorp/aws\"]",
      "instances": [
        {
          "schema_version": 0,
          "attributes": {
            "account_id": "061093365585",
            "arn": "arn:aws:sts::061093365585:assumed-role/AWSReservedSSO_serendipity-dev-admin_5af5124655e5379e/thirumaran.m@meyicloud.com",
            "id": "061093365585",
            "user_id": "AROAQ4OLSY5IRLNDH2JXK:thirumaran.m@meyicloud.com"
          },
          "sensitive_attributes": [],
          "identity_schema_version": 0
        }
      ]
    },
    {
      "mode": "managed",
      "type": "aws_cloudwatch_metric_alarm",
      "name": "ec2_high_cpu",
      "provider": "provider[\"registry.terraform.io/hashicorp/aws\"]",
      "instances": [
        {
          "index_key": "i-046473da968131cb0",
          "schema_version": 1,
          "attributes": {
            "actions_enabled": true,
            "alarm_actions": [
              "arn:aws:sns:us-west-2:061093365585:serendipity-dev-infra-alerts"
            ],
            "alarm_description": "High CPU usage on EC2 instance i-046473da968131cb0",
            "alarm_name": "serendipity-dev-ec2-i-046473da968131cb0-high-cpu",
            "arn": "arn:aws:cloudwatch:us-west-2:061093365585:alarm:serendipity-dev-ec2-i-046473da968131cb0-high-cpu",
            "comparison_operator": "GreaterThanThreshold",
            "datapoints_to_alarm": 0,
            "dimensions": {
              "InstanceId": "i-046473da968131cb0"
            },
            "evaluate_low_sample_count_percentiles": "",
            "evaluation_periods": 2,
            "extended_statistic": "",
            "id": "serendipity-dev-ec2-i-046473da968131cb0-high-cpu",
            "insufficient_data_actions": [],
            "metric_name": "CPUUtilization",
            "metric_query": [],
            "namespace": "AWS/EC2",
            "ok_actions": [],
            "period": 300,
            "region": "us-west-2",
            "statistic": "Average",
            "tags": {},
            "tags_all": {},
            "threshold": 80,
            "threshold_metric_id": "",
            "treat_missing_data": "missing",
            "unit": ""
          },
          "sensitive_attributes": [],
          "identity_schema_version": 0,
          "identity": {
            "account_id": "061093365585",
            "alarm_name": "serendipity-dev-ec2-i-046473da968131cb0-high-cpu",
            "region": "us-west-2"
          },
          "private": "eyJzY2hlbWFfdmVyc2lvbiI6IjEifQ==",
          "dependencies": [
            "aws_sns_topic.alerts"
          ]
        },
        {
          "index_key": "i-0968f02cec9c50d63",
          "schema_version": 1,
          "attributes": {
            "actions_enabled": true,
            "alarm_actions": [
              "arn:aws:sns:us-west-2:061093365585:serendipity-dev-infra-alerts"
            ],
            "alarm_description": "High CPU usage on EC2 instance i-0968f02cec9c50d63",
            "alarm_name": "serendipity-dev-ec2-i-0968f02cec9c50d63-high-cpu",
            "arn": "arn:aws:cloudwatch:us-west-2:061093365585:alarm:serendipity-dev-ec2-i-0968f02cec9c50d63-high-cpu",
            "comparison_operator": "GreaterThanThreshold",
            "datapoints_to_alarm": 0,
            "dimensions": {
              "InstanceId": "i-0968f02cec9c50d63"
            },
            "evaluate_low_sample_count_percentiles": "",
            "evaluation_periods": 2,
            "extended_statistic": "",
            "id": "serendipity-dev-ec2-i-0968f02cec9c50d63-high-cpu",
            "insufficient_data_actions": [],
            "metric_name": "CPUUtilization",
            "metric_query": [],
            "namespace": "AWS/EC2",
            "ok_actions": [],
            "period": 300,
            "region": "us-west-2",
            "statistic": "Average",
            "tags": {},
            "tags_all": {},
            "threshold": 80,
            "threshold_metric_id": "",
            "treat_missing_data": "missing",
            "unit": ""
          },
          "sensitive_attributes": [],
          "identity_schema_version": 0,
          "identity": {
            "account_id": "061093365585",
            "alarm_name": "serendipity-dev-ec2-i-0968f02cec9c50d63-high-cpu",
            "region": "us-west-2"
          },
          "private": "eyJzY2hlbWFfdmVyc2lvbiI6IjEifQ==",
          "dependencies": [
            "aws_sns_topic.alerts"
          ]
        }
      ]
    },
    {
      "mode": "managed",
      "type": "aws_cloudwatch_metric_alarm",
      "name": "ec2_status_check_failed",
      "provider": "provider[\"registry.terraform.io/hashicorp/aws\"]",
      "instances": [
        {
          "index_key": "i-046473da968131cb0",
          "schema_version": 1,
          "attributes": {
            "actions_enabled": true,
            "alarm_actions": [
              "arn:aws:sns:us-west-2:061093365585:serendipity-dev-infra-alerts"
            ],
            "alarm_description": "EC2 instance i-046473da968131cb0 failed status checks",
            "alarm_name": "serendipity-dev-ec2-i-046473da968131cb0-status-check-failed",
            "arn": "arn:aws:cloudwatch:us-west-2:061093365585:alarm:serendipity-dev-ec2-i-046473da968131cb0-status-check-failed",
            "comparison_operator": "GreaterThanOrEqualToThreshold",
            "datapoints_to_alarm": 0,
            "dimensions": {
              "InstanceId": "i-046473da968131cb0"
            },
            "evaluate_low_sample_count_percentiles": "",
            "evaluation_periods": 2,
            "extended_statistic": "",
            "id": "serendipity-dev-ec2-i-046473da968131cb0-status-check-failed",
            "insufficient_data_actions": [],
            "metric_name": "StatusCheckFailed",
            "metric_query": [],
            "namespace": "AWS/EC2",
            "ok_actions": [
              "arn:aws:sns:us-west-2:061093365585:serendipity-dev-infra-alerts"
            ],
            "period": 60,
            "region": "us-west-2",
            "statistic": "Maximum",
            "tags": {},
            "tags_all": {},
            "threshold": 1,
            "threshold_metric_id": "",
            "treat_missing_data": "missing",
            "unit": ""
          },
          "sensitive_attributes": [],
          "identity_schema_version": 0,
          "identity": {
            "account_id": "061093365585",
            "alarm_name": "serendipity-dev-ec2-i-046473da968131cb0-status-check-failed",
            "region": "us-west-2"
          },
          "private": "eyJzY2hlbWFfdmVyc2lvbiI6IjEifQ==",
          "dependencies": [
            "aws_sns_topic.alerts"
          ]
        },
        {
          "index_key": "i-0968f02cec9c50d63",
          "schema_version": 1,
          "attributes": {
            "actions_enabled": true,
            "alarm_actions": [
              "arn:aws:sns:us-west-2:061093365585:serendipity-dev-infra-alerts"
            ],
            "alarm_description": "EC2 instance i-0968f02cec9c50d63 failed status checks",
            "alarm_name": "serendipity-dev-ec2-i-0968f02cec9c50d63-status-check-failed",
            "arn": "arn:aws:cloudwatch:us-west-2:061093365585:alarm:serendipity-dev-ec2-i-0968f02cec9c50d63-status-check-failed",
            "comparison_operator": "GreaterThanOrEqualToThreshold",
            "datapoints_to_alarm": 0,
            "dimensions": {
              "InstanceId": "i-0968f02cec9c50d63"
            },
            "evaluate_low_sample_count_percentiles": "",
            "evaluation_periods": 2,
            "extended_statistic": "",
            "id": "serendipity-dev-ec2-i-0968f02cec9c50d63-status-check-failed",
            "insufficient_data_actions": [],
            "metric_name": "StatusCheckFailed",
            "metric_query": [],
            "namespace": "AWS/EC2",
            "ok_actions": [
              "arn:aws:sns:us-west-2:061093365585:serendipity-dev-infra-alerts"
            ],
            "period": 60,
            "region": "us-west-2",
            "statistic": "Maximum",
            "tags": {},
            "tags_all": {},
            "threshold": 1,
            "threshold_metric_id": "",
            "treat_missing_data": "missing",
            "unit": ""
          },
          "sensitive_attributes": [],
          "identity_schema_version": 0,
          "identity": {
            "account_id": "061093365585",
            "alarm_name": "serendipity-dev-ec2-i-0968f02cec9c50d63-status-check-failed",
            "region": "us-west-2"
          },
          "private": "eyJzY2hlbWFfdmVyc2lvbiI6IjEifQ==",
          "dependencies": [
            "aws_sns_topic.alerts"
          ]
        }
      ]
    },
    {
      "mode": "managed",
      "type": "aws_cloudwatch_metric_alarm",
      "name": "ec2_system_check_failed",
      "provider": "provider[\"registry.terraform.io/hashicorp/aws\"]",
      "instances": [
        {
          "index_key": "i-046473da968131cb0",
          "schema_version": 1,
          "attributes": {
            "actions_enabled": true,
            "alarm_actions": [
              "arn:aws:sns:us-west-2:061093365585:serendipity-dev-infra-alerts"
            ],
            "alarm_description": "EC2 system-level failure for i-046473da968131cb0",
            "alarm_name": "serendipity-dev-ec2-i-046473da968131cb0-system-check-failed",
            "arn": "arn:aws:cloudwatch:us-west-2:061093365585:alarm:serendipity-dev-ec2-i-046473da968131cb0-system-check-failed",
            "comparison_operator": "GreaterThanOrEqualToThreshold",
            "datapoints_to_alarm": 0,
            "dimensions": {
              "InstanceId": "i-046473da968131cb0"
            },
            "evaluate_low_sample_count_percentiles": "",
            "evaluation_periods": 2,
            "extended_statistic": "",
            "id": "serendipity-dev-ec2-i-046473da968131cb0-system-check-failed",
            "insufficient_data_actions": [],
            "metric_name": "StatusCheckFailed_System",
            "metric_query": [],
            "namespace": "AWS/EC2",
            "ok_actions": [],
            "period": 60,
            "region": "us-west-2",
            "statistic": "Maximum",
            "tags": {},
            "tags_all": {},
            "threshold": 1,
            "threshold_metric_id": "",
            "treat_missing_data": "missing",
            "unit": ""
          },
          "sensitive_attributes": [],
          "identity_schema_version": 0,
          "identity": {
            "account_id": "061093365585",
            "alarm_name": "serendipity-dev-ec2-i-046473da968131cb0-system-check-failed",
            "region": "us-west-2"
          },
          "private": "eyJzY2hlbWFfdmVyc2lvbiI6IjEifQ==",
          "dependencies": [
            "aws_sns_topic.alerts"
          ]
        },
        {
          "index_key": "i-0968f02cec9c50d63",
          "schema_version": 1,
          "attributes": {
            "actions_enabled": true,
            "alarm_actions": [
              "arn:aws:sns:us-west-2:061093365585:serendipity-dev-infra-alerts"
            ],
            "alarm_description": "EC2 system-level failure for i-0968f02cec9c50d63",
            "alarm_name": "serendipity-dev-ec2-i-0968f02cec9c50d63-system-check-failed",
            "arn": "arn:aws:cloudwatch:us-west-2:061093365585:alarm:serendipity-dev-ec2-i-0968f02cec9c50d63-system-check-failed",
            "comparison_operator": "GreaterThanOrEqualToThreshold",
            "datapoints_to_alarm": 0,
            "dimensions": {
              "InstanceId": "i-0968f02cec9c50d63"
            },
            "evaluate_low_sample_count_percentiles": "",
            "evaluation_periods": 2,
            "extended_statistic": "",
            "id": "serendipity-dev-ec2-i-0968f02cec9c50d63-system-check-failed",
            "insufficient_data_actions": [],
            "metric_name": "StatusCheckFailed_System",
            "metric_query": [],
            "namespace": "AWS/EC2",
            "ok_actions": [],
            "period": 60,
            "region": "us-west-2",
            "statistic": "Maximum",
            "tags": {},
            "tags_all": {},
            "threshold": 1,
            "threshold_metric_id": "",
            "treat_missing_data": "missing",
            "unit": ""
          },
          "sensitive_attributes": [],
          "identity_schema_version": 0,
          "identity": {
            "account_id": "061093365585",
            "alarm_name": "serendipity-dev-ec2-i-0968f02cec9c50d63-system-check-failed",
            "region": "us-west-2"
          },
          "private": "eyJzY2hlbWFfdmVyc2lvbiI6IjEifQ==",
          "dependencies": [
            "aws_sns_topic.alerts"
          ]
        }
      ]
    },
    {
      "mode": "managed",
      "type": "aws_cloudwatch_metric_alarm",
      "name": "ecs_deployment_failed",
      "provider": "provider[\"registry.terraform.io/hashicorp/aws\"]",
      "instances": [
        {
          "index_key": "service1",
          "schema_version": 1,
          "attributes": {
            "actions_enabled": true,
            "alarm_actions": [
              "arn:aws:sns:us-west-2:061093365585:serendipity-dev-infra-alerts"
            ],
            "alarm_description": "ECS service deployment failed",
            "alarm_name": "serendipity-dev-ecs-serendipity-dev-be-service-cluster-serendipity-dev-be-service-service-deployment-failed",
            "arn": "arn:aws:cloudwatch:us-west-2:061093365585:alarm:serendipity-dev-ecs-serendipity-dev-be-service-cluster-serendipity-dev-be-service-service-deployment-failed",
            "comparison_operator": "GreaterThanThreshold",
            "datapoints_to_alarm": 0,
            "dimensions": {
              "ClusterName": "serendipity-dev-be-service-cluster",
              "ServiceName": "serendipity-dev-be-service-service"
            },
            "evaluate_low_sample_count_percentiles": "",
            "evaluation_periods": 1,
            "extended_statistic": "",
            "id": "serendipity-dev-ecs-serendipity-dev-be-service-cluster-serendipity-dev-be-service-service-deployment-failed",
            "insufficient_data_actions": [],
            "metric_name": "DeploymentFailed",
            "metric_query": [],
            "namespace": "AWS/ECS",
            "ok_actions": [],
            "period": 300,
            "region": "us-west-2",
            "statistic": "Sum",
            "tags": {},
            "tags_all": {},
            "threshold": 0,
            "threshold_metric_id": "",
            "treat_missing_data": "notBreaching",
            "unit": ""
          },
          "sensitive_attributes": [],
          "identity_schema_version": 0,
          "identity": {
            "account_id": "061093365585",
            "alarm_name": "serendipity-dev-ecs-serendipity-dev-be-service-cluster-serendipity-dev-be-service-service-deployment-failed",
            "region": "us-west-2"
          },
          "private": "eyJzY2hlbWFfdmVyc2lvbiI6IjEifQ==",
          "dependencies": [
            "aws_sns_topic.alerts"
          ]
        },
        {
          "index_key": "service2",
          "schema_version": 1,
          "attributes": {
            "actions_enabled": true,
            "alarm_actions": [
              "arn:aws:sns:us-west-2:061093365585:serendipity-dev-infra-alerts"
            ],
            "alarm_description": "ECS service deployment failed",
            "alarm_name": "serendipity-dev-ecs-serendipity-dev-tracking-history-cluster-serendipity-dev-tracking-history-service-deployment-failed",
            "arn": "arn:aws:cloudwatch:us-west-2:061093365585:alarm:serendipity-dev-ecs-serendipity-dev-tracking-history-cluster-serendipity-dev-tracking-history-service-deployment-failed",
            "comparison_operator": "GreaterThanThreshold",
            "datapoints_to_alarm": 0,
            "dimensions": {
              "ClusterName": "serendipity-dev-tracking-history-cluster",
              "ServiceName": "serendipity-dev-tracking-history-service"
            },
            "evaluate_low_sample_count_percentiles": "",
            "evaluation_periods": 1,
            "extended_statistic": "",
            "id": "serendipity-dev-ecs-serendipity-dev-tracking-history-cluster-serendipity-dev-tracking-history-service-deployment-failed",
            "insufficient_data_actions": [],
            "metric_name": "DeploymentFailed",
            "metric_query": [],
            "namespace": "AWS/ECS",
            "ok_actions": [],
            "period": 300,
            "region": "us-west-2",
            "statistic": "Sum",
            "tags": {},
            "tags_all": {},
            "threshold": 0,
            "threshold_metric_id": "",
            "treat_missing_data": "notBreaching",
            "unit": ""
          },
          "sensitive_attributes": [],
          "identity_schema_version": 0,
          "identity": {
            "account_id": "061093365585",
            "alarm_name": "serendipity-dev-ecs-serendipity-dev-tracking-history-cluster-serendipity-dev-tracking-history-service-deployment-failed",
            "region": "us-west-2"
          },
          "private": "eyJzY2hlbWFfdmVyc2lvbiI6IjEifQ==",
          "dependencies": [
            "aws_sns_topic.alerts"
          ]
        },
        {
          "index_key": "service3",
          "schema_version": 1,
          "attributes": {
            "actions_enabled": true,
            "alarm_actions": [
              "arn:aws:sns:us-west-2:061093365585:serendipity-dev-infra-alerts"
            ],
            "alarm_description": "ECS service deployment failed",
            "alarm_name": "serendipity-dev-ecs-serendipity-dev-mqtt-service-cluster-serendipity-dev-mqtt-service-service-deployment-failed",
            "arn": "arn:aws:cloudwatch:us-west-2:061093365585:alarm:serendipity-dev-ecs-serendipity-dev-mqtt-service-cluster-serendipity-dev-mqtt-service-service-deployment-failed",
            "comparison_operator": "GreaterThanThreshold",
            "datapoints_to_alarm": 0,
            "dimensions": {
              "ClusterName": "serendipity-dev-mqtt-service-cluster",
              "ServiceName": "serendipity-dev-mqtt-service-service"
            },
            "evaluate_low_sample_count_percentiles": "",
            "evaluation_periods": 1,
            "extended_statistic": "",
            "id": "serendipity-dev-ecs-serendipity-dev-mqtt-service-cluster-serendipity-dev-mqtt-service-service-deployment-failed",
            "insufficient_data_actions": [],
            "metric_name": "DeploymentFailed",
            "metric_query": [],
            "namespace": "AWS/ECS",
            "ok_actions": [],
            "period": 300,
            "region": "us-west-2",
            "statistic": "Sum",
            "tags": {},
            "tags_all": {},
            "threshold": 0,
            "threshold_metric_id": "",
            "treat_missing_data": "notBreaching",
            "unit": ""
          },
          "sensitive_attributes": [],
          "identity_schema_version": 0,
          "identity": {
            "account_id": "061093365585",
            "alarm_name": "serendipity-dev-ecs-serendipity-dev-mqtt-service-cluster-serendipity-dev-mqtt-service-service-deployment-failed",
            "region": "us-west-2"
          },
          "private": "eyJzY2hlbWFfdmVyc2lvbiI6IjEifQ==",
          "dependencies": [
            "aws_sns_topic.alerts"
          ]
        },
        {
          "index_key": "service4",
          "schema_version": 1,
          "attributes": {
            "actions_enabled": true,
            "alarm_actions": [
              "arn:aws:sns:us-west-2:061093365585:serendipity-dev-infra-alerts"
            ],
            "alarm_description": "ECS service deployment failed",
            "alarm_name": "serendipity-dev-ecs-serendipity-dev-mosquitto-cluster-serendipity-dev-mosquitto-service-deployment-failed",
            "arn": "arn:aws:cloudwatch:us-west-2:061093365585:alarm:serendipity-dev-ecs-serendipity-dev-mosquitto-cluster-serendipity-dev-mosquitto-service-deployment-failed",
            "comparison_operator": "GreaterThanThreshold",
            "datapoints_to_alarm": 0,
            "dimensions": {
              "ClusterName": "serendipity-dev-mosquitto-cluster",
              "ServiceName": "serendipity-dev-mosquitto-service"
            },
            "evaluate_low_sample_count_percentiles": "",
            "evaluation_periods": 1,
            "extended_statistic": "",
            "id": "serendipity-dev-ecs-serendipity-dev-mosquitto-cluster-serendipity-dev-mosquitto-service-deployment-failed",
            "insufficient_data_actions": [],
            "metric_name": "DeploymentFailed",
            "metric_query": [],
            "namespace": "AWS/ECS",
            "ok_actions": [],
            "period": 300,
            "region": "us-west-2",
            "statistic": "Sum",
            "tags": {},
            "tags_all": {},
            "threshold": 0,
            "threshold_metric_id": "",
            "treat_missing_data": "notBreaching",
            "unit": ""
          },
          "sensitive_attributes": [],
          "identity_schema_version": 0,
          "identity": {
            "account_id": "061093365585",
            "alarm_name": "serendipity-dev-ecs-serendipity-dev-mosquitto-cluster-serendipity-dev-mosquitto-service-deployment-failed",
            "region": "us-west-2"
          },
          "private": "eyJzY2hlbWFfdmVyc2lvbiI6IjEifQ==",
          "dependencies": [
            "aws_sns_topic.alerts"
          ]
        },
        {
          "index_key": "service5",
          "schema_version": 1,
          "attributes": {
            "actions_enabled": true,
            "alarm_actions": [
              "arn:aws:sns:us-west-2:061093365585:serendipity-dev-infra-alerts"
            ],
            "alarm_description": "ECS service deployment failed",
            "alarm_name": "serendipity-dev-ecs-serendipity-dev-chat-service-cluster-serendipity-dev-chat-service-service-deployment-failed",
            "arn": "arn:aws:cloudwatch:us-west-2:061093365585:alarm:serendipity-dev-ecs-serendipity-dev-chat-service-cluster-serendipity-dev-chat-service-service-deployment-failed",
            "comparison_operator": "GreaterThanThreshold",
            "datapoints_to_alarm": 0,
            "dimensions": {
              "ClusterName": "serendipity-dev-chat-service-cluster",
              "ServiceName": "serendipity-dev-chat-service-service"
            },
            "evaluate_low_sample_count_percentiles": "",
            "evaluation_periods": 1,
            "extended_statistic": "",
            "id": "serendipity-dev-ecs-serendipity-dev-chat-service-cluster-serendipity-dev-chat-service-service-deployment-failed",
            "insufficient_data_actions": [],
            "metric_name": "DeploymentFailed",
            "metric_query": [],
            "namespace": "AWS/ECS",
            "ok_actions": [],
            "period": 300,
            "region": "us-west-2",
            "statistic": "Sum",
            "tags": {},
            "tags_all": {},
            "threshold": 0,
            "threshold_metric_id": "",
            "treat_missing_data": "notBreaching",
            "unit": ""
          },
          "sensitive_attributes": [],
          "identity_schema_version": 0,
          "identity": {
            "account_id": "061093365585",
            "alarm_name": "serendipity-dev-ecs-serendipity-dev-chat-service-cluster-serendipity-dev-chat-service-service-deployment-failed",
            "region": "us-west-2"
          },
          "private": "eyJzY2hlbWFfdmVyc2lvbiI6IjEifQ==",
          "dependencies": [
            "aws_sns_topic.alerts"
          ]
        },
        {
          "index_key": "service6",
          "schema_version": 1,
          "attributes": {
            "actions_enabled": true,
            "alarm_actions": [
              "arn:aws:sns:us-west-2:061093365585:serendipity-dev-infra-alerts"
            ],
            "alarm_description": "ECS service deployment failed",
            "alarm_name": "serendipity-dev-ecs-serendipity-dev-graph-service-cluster-serendipity-dev-graph-service-service`-deployment-failed",
            "arn": "arn:aws:cloudwatch:us-west-2:061093365585:alarm:serendipity-dev-ecs-serendipity-dev-graph-service-cluster-serendipity-dev-graph-service-service`-deployment-failed",
            "comparison_operator": "GreaterThanThreshold",
            "datapoints_to_alarm": 0,
            "dimensions": {
              "ClusterName": "serendipity-dev-graph-service-cluster",
              "ServiceName": "serendipity-dev-graph-service-service`"
            },
            "evaluate_low_sample_count_percentiles": "",
            "evaluation_periods": 1,
            "extended_statistic": "",
            "id": "serendipity-dev-ecs-serendipity-dev-graph-service-cluster-serendipity-dev-graph-service-service`-deployment-failed",
            "insufficient_data_actions": [],
            "metric_name": "DeploymentFailed",
            "metric_query": [],
            "namespace": "AWS/ECS",
            "ok_actions": [],
            "period": 300,
            "region": "us-west-2",
            "statistic": "Sum",
            "tags": {},
            "tags_all": {},
            "threshold": 0,
            "threshold_metric_id": "",
            "treat_missing_data": "notBreaching",
            "unit": ""
          },
          "sensitive_attributes": [],
          "identity_schema_version": 0,
          "identity": {
            "account_id": "061093365585",
            "alarm_name": "serendipity-dev-ecs-serendipity-dev-graph-service-cluster-serendipity-dev-graph-service-service`-deployment-failed",
            "region": "us-west-2"
          },
          "private": "eyJzY2hlbWFfdmVyc2lvbiI6IjEifQ==",
          "dependencies": [
            "aws_sns_topic.alerts"
          ]
        }
      ]
    },
    {
      "mode": "managed",
      "type": "aws_cloudwatch_metric_alarm",
      "name": "ecs_high_cpu",
      "provider": "provider[\"registry.terraform.io/hashicorp/aws\"]",
      "instances": [
        {
          "index_key": "service1",
          "schema_version": 1,
          "attributes": {
            "actions_enabled": true,
            "alarm_actions": [
              "arn:aws:sns:us-west-2:061093365585:serendipity-dev-infra-alerts"
            ],
            "alarm_description": "High CPU utilization in ECS service",
            "alarm_name": "serendipity-dev-ecs-serendipity-dev-be-service-cluster-serendipity-dev-be-service-service-high-cpu",
            "arn": "arn:aws:cloudwatch:us-west-2:061093365585:alarm:serendipity-dev-ecs-serendipity-dev-be-service-cluster-serendipity-dev-be-service-service-high-cpu",
            "comparison_operator": "GreaterThanThreshold",
            "datapoints_to_alarm": 0,
            "dimensions": {
              "ClusterName": "serendipity-dev-be-service-cluster",
              "ServiceName": "serendipity-dev-be-service-service"
            },
            "evaluate_low_sample_count_percentiles": "",
            "evaluation_periods": 2,
            "extended_statistic": "",
            "id": "serendipity-dev-ecs-serendipity-dev-be-service-cluster-serendipity-dev-be-service-service-high-cpu",
            "insufficient_data_actions": [],
            "metric_name": "CPUUtilization",
            "metric_query": [],
            "namespace": "AWS/ECS",
            "ok_actions": [],
            "period": 300,
            "region": "us-west-2",
            "statistic": "Average",
            "tags": {},
            "tags_all": {},
            "threshold": 80,
            "threshold_metric_id": "",
            "treat_missing_data": "missing",
            "unit": ""
          },
          "sensitive_attributes": [],
          "identity_schema_version": 0,
          "identity": {
            "account_id": "061093365585",
            "alarm_name": "serendipity-dev-ecs-serendipity-dev-be-service-cluster-serendipity-dev-be-service-service-high-cpu",
            "region": "us-west-2"
          },
          "private": "eyJzY2hlbWFfdmVyc2lvbiI6IjEifQ==",
          "dependencies": [
            "aws_sns_topic.alerts"
          ]
        },
        {
          "index_key": "service2",
          "schema_version": 1,
          "attributes": {
            "actions_enabled": true,
            "alarm_actions": [
              "arn:aws:sns:us-west-2:061093365585:serendipity-dev-infra-alerts"
            ],
            "alarm_description": "High CPU utilization in ECS service",
            "alarm_name": "serendipity-dev-ecs-serendipity-dev-tracking-history-cluster-serendipity-dev-tracking-history-service-high-cpu",
            "arn": "arn:aws:cloudwatch:us-west-2:061093365585:alarm:serendipity-dev-ecs-serendipity-dev-tracking-history-cluster-serendipity-dev-tracking-history-service-high-cpu",
            "comparison_operator": "GreaterThanThreshold",
            "datapoints_to_alarm": 0,
            "dimensions": {
              "ClusterName": "serendipity-dev-tracking-history-cluster",
              "ServiceName": "serendipity-dev-tracking-history-service"
            },
            "evaluate_low_sample_count_percentiles": "",
            "evaluation_periods": 2,
            "extended_statistic": "",
            "id": "serendipity-dev-ecs-serendipity-dev-tracking-history-cluster-serendipity-dev-tracking-history-service-high-cpu",
            "insufficient_data_actions": [],
            "metric_name": "CPUUtilization",
            "metric_query": [],
            "namespace": "AWS/ECS",
            "ok_actions": [],
            "period": 300,
            "region": "us-west-2",
            "statistic": "Average",
            "tags": {},
            "tags_all": {},
            "threshold": 80,
            "threshold_metric_id": "",
            "treat_missing_data": "missing",
            "unit": ""
          },
          "sensitive_attributes": [],
          "identity_schema_version": 0,
          "identity": {
            "account_id": "061093365585",
            "alarm_name": "serendipity-dev-ecs-serendipity-dev-tracking-history-cluster-serendipity-dev-tracking-history-service-high-cpu",
            "region": "us-west-2"
          },
          "private": "eyJzY2hlbWFfdmVyc2lvbiI6IjEifQ==",
          "dependencies": [
            "aws_sns_topic.alerts"
          ]
        },
        {
          "index_key": "service3",
          "schema_version": 1,
          "attributes": {
            "actions_enabled": true,
            "alarm_actions": [
              "arn:aws:sns:us-west-2:061093365585:serendipity-dev-infra-alerts"
            ],
            "alarm_description": "High CPU utilization in ECS service",
            "alarm_name": "serendipity-dev-ecs-serendipity-dev-mqtt-service-cluster-serendipity-dev-mqtt-service-service-high-cpu",
            "arn": "arn:aws:cloudwatch:us-west-2:061093365585:alarm:serendipity-dev-ecs-serendipity-dev-mqtt-service-cluster-serendipity-dev-mqtt-service-service-high-cpu",
            "comparison_operator": "GreaterThanThreshold",
            "datapoints_to_alarm": 0,
            "dimensions": {
              "ClusterName": "serendipity-dev-mqtt-service-cluster",
              "ServiceName": "serendipity-dev-mqtt-service-service"
            },
            "evaluate_low_sample_count_percentiles": "",
            "evaluation_periods": 2,
            "extended_statistic": "",
            "id": "serendipity-dev-ecs-serendipity-dev-mqtt-service-cluster-serendipity-dev-mqtt-service-service-high-cpu",
            "insufficient_data_actions": [],
            "metric_name": "CPUUtilization",
            "metric_query": [],
            "namespace": "AWS/ECS",
            "ok_actions": [],
            "period": 300,
            "region": "us-west-2",
            "statistic": "Average",
            "tags": {},
            "tags_all": {},
            "threshold": 80,
            "threshold_metric_id": "",
            "treat_missing_data": "missing",
            "unit": ""
          },
          "sensitive_attributes": [],
          "identity_schema_version": 0,
          "identity": {
            "account_id": "061093365585",
            "alarm_name": "serendipity-dev-ecs-serendipity-dev-mqtt-service-cluster-serendipity-dev-mqtt-service-service-high-cpu",
            "region": "us-west-2"
          },
          "private": "eyJzY2hlbWFfdmVyc2lvbiI6IjEifQ==",
          "dependencies": [
            "aws_sns_topic.alerts"
          ]
        },
        {
          "index_key": "service4",
          "schema_version": 1,
          "attributes": {
            "actions_enabled": true,
            "alarm_actions": [
              "arn:aws:sns:us-west-2:061093365585:serendipity-dev-infra-alerts"
            ],
            "alarm_description": "High CPU utilization in ECS service",
            "alarm_name": "serendipity-dev-ecs-serendipity-dev-mosquitto-cluster-serendipity-dev-mosquitto-service-high-cpu",
            "arn": "arn:aws:cloudwatch:us-west-2:061093365585:alarm:serendipity-dev-ecs-serendipity-dev-mosquitto-cluster-serendipity-dev-mosquitto-service-high-cpu",
            "comparison_operator": "GreaterThanThreshold",
            "datapoints_to_alarm": 0,
            "dimensions": {
              "ClusterName": "serendipity-dev-mosquitto-cluster",
              "ServiceName": "serendipity-dev-mosquitto-service"
            },
            "evaluate_low_sample_count_percentiles": "",
            "evaluation_periods": 2,
            "extended_statistic": "",
            "id": "serendipity-dev-ecs-serendipity-dev-mosquitto-cluster-serendipity-dev-mosquitto-service-high-cpu",
            "insufficient_data_actions": [],
            "metric_name": "CPUUtilization",
            "metric_query": [],
            "namespace": "AWS/ECS",
            "ok_actions": [],
            "period": 300,
            "region": "us-west-2",
            "statistic": "Average",
            "tags": {},
            "tags_all": {},
            "threshold": 80,
            "threshold_metric_id": "",
            "treat_missing_data": "missing",
            "unit": ""
          },
          "sensitive_attributes": [],
          "identity_schema_version": 0,
          "identity": {
            "account_id": "061093365585",
            "alarm_name": "serendipity-dev-ecs-serendipity-dev-mosquitto-cluster-serendipity-dev-mosquitto-service-high-cpu",
            "region": "us-west-2"
          },
          "private": "eyJzY2hlbWFfdmVyc2lvbiI6IjEifQ==",
          "dependencies": [
            "aws_sns_topic.alerts"
          ]
        },
        {
          "index_key": "service5",
          "schema_version": 1,
          "attributes": {
            "actions_enabled": true,
            "alarm_actions": [
              "arn:aws:sns:us-west-2:061093365585:serendipity-dev-infra-alerts"
            ],
            "alarm_description": "High CPU utilization in ECS service",
            "alarm_name": "serendipity-dev-ecs-serendipity-dev-chat-service-cluster-serendipity-dev-chat-service-service-high-cpu",
            "arn": "arn:aws:cloudwatch:us-west-2:061093365585:alarm:serendipity-dev-ecs-serendipity-dev-chat-service-cluster-serendipity-dev-chat-service-service-high-cpu",
            "comparison_operator": "GreaterThanThreshold",
            "datapoints_to_alarm": 0,
            "dimensions": {
              "ClusterName": "serendipity-dev-chat-service-cluster",
              "ServiceName": "serendipity-dev-chat-service-service"
            },
            "evaluate_low_sample_count_percentiles": "",
            "evaluation_periods": 2,
            "extended_statistic": "",
            "id": "serendipity-dev-ecs-serendipity-dev-chat-service-cluster-serendipity-dev-chat-service-service-high-cpu",
            "insufficient_data_actions": [],
            "metric_name": "CPUUtilization",
            "metric_query": [],
            "namespace": "AWS/ECS",
            "ok_actions": [],
            "period": 300,
            "region": "us-west-2",
            "statistic": "Average",
            "tags": {},
            "tags_all": {},
            "threshold": 80,
            "threshold_metric_id": "",
            "treat_missing_data": "missing",
            "unit": ""
          },
          "sensitive_attributes": [],
          "identity_schema_version": 0,
          "identity": {
            "account_id": "061093365585",
            "alarm_name": "serendipity-dev-ecs-serendipity-dev-chat-service-cluster-serendipity-dev-chat-service-service-high-cpu",
            "region": "us-west-2"
          },
          "private": "eyJzY2hlbWFfdmVyc2lvbiI6IjEifQ==",
          "dependencies": [
            "aws_sns_topic.alerts"
          ]
        },
        {
          "index_key": "service6",
          "schema_version": 1,
          "attributes": {
            "actions_enabled": true,
            "alarm_actions": [
              "arn:aws:sns:us-west-2:061093365585:serendipity-dev-infra-alerts"
            ],
            "alarm_description": "High CPU utilization in ECS service",
            "alarm_name": "serendipity-dev-ecs-serendipity-dev-graph-service-cluster-serendipity-dev-graph-service-service`-high-cpu",
            "arn": "arn:aws:cloudwatch:us-west-2:061093365585:alarm:serendipity-dev-ecs-serendipity-dev-graph-service-cluster-serendipity-dev-graph-service-service`-high-cpu",
            "comparison_operator": "GreaterThanThreshold",
            "datapoints_to_alarm": 0,
            "dimensions": {
              "ClusterName": "serendipity-dev-graph-service-cluster",
              "ServiceName": "serendipity-dev-graph-service-service`"
            },
            "evaluate_low_sample_count_percentiles": "",
            "evaluation_periods": 2,
            "extended_statistic": "",
            "id": "serendipity-dev-ecs-serendipity-dev-graph-service-cluster-serendipity-dev-graph-service-service`-high-cpu",
            "insufficient_data_actions": [],
            "metric_name": "CPUUtilization",
            "metric_query": [],
            "namespace": "AWS/ECS",
            "ok_actions": [],
            "period": 300,
            "region": "us-west-2",
            "statistic": "Average",
            "tags": {},
            "tags_all": {},
            "threshold": 80,
            "threshold_metric_id": "",
            "treat_missing_data": "missing",
            "unit": ""
          },
          "sensitive_attributes": [],
          "identity_schema_version": 0,
          "identity": {
            "account_id": "061093365585",
            "alarm_name": "serendipity-dev-ecs-serendipity-dev-graph-service-cluster-serendipity-dev-graph-service-service`-high-cpu",
            "region": "us-west-2"
          },
          "private": "eyJzY2hlbWFfdmVyc2lvbiI6IjEifQ==",
          "dependencies": [
            "aws_sns_topic.alerts"
          ]
        }
      ]
    },
    {
      "mode": "managed",
      "type": "aws_cloudwatch_metric_alarm",
      "name": "ecs_high_memory",
      "provider": "provider[\"registry.terraform.io/hashicorp/aws\"]",
      "instances": [
        {
          "index_key": "service1",
          "schema_version": 1,
          "attributes": {
            "actions_enabled": true,
            "alarm_actions": [
              "arn:aws:sns:us-west-2:061093365585:serendipity-dev-infra-alerts"
            ],
            "alarm_description": "High memory utilization in ECS service",
            "alarm_name": "serendipity-dev-ecs-serendipity-dev-be-service-cluster-serendipity-dev-be-service-service-high-memory",
            "arn": "arn:aws:cloudwatch:us-west-2:061093365585:alarm:serendipity-dev-ecs-serendipity-dev-be-service-cluster-serendipity-dev-be-service-service-high-memory",
            "comparison_operator": "GreaterThanThreshold",
            "datapoints_to_alarm": 0,
            "dimensions": {
              "ClusterName": "serendipity-dev-be-service-cluster",
              "ServiceName": "serendipity-dev-be-service-service"
            },
            "evaluate_low_sample_count_percentiles": "",
            "evaluation_periods": 2,
            "extended_statistic": "",
            "id": "serendipity-dev-ecs-serendipity-dev-be-service-cluster-serendipity-dev-be-service-service-high-memory",
            "insufficient_data_actions": [],
            "metric_name": "MemoryUtilization",
            "metric_query": [],
            "namespace": "AWS/ECS",
            "ok_actions": [],
            "period": 300,
            "region": "us-west-2",
            "statistic": "Average",
            "tags": {},
            "tags_all": {},
            "threshold": 80,
            "threshold_metric_id": "",
            "treat_missing_data": "missing",
            "unit": ""
          },
          "sensitive_attributes": [],
          "identity_schema_version": 0,
          "identity": {
            "account_id": "061093365585",
            "alarm_name": "serendipity-dev-ecs-serendipity-dev-be-service-cluster-serendipity-dev-be-service-service-high-memory",
            "region": "us-west-2"
          },
          "private": "eyJzY2hlbWFfdmVyc2lvbiI6IjEifQ==",
          "dependencies": [
            "aws_sns_topic.alerts"
          ]
        },
        {
          "index_key": "service2",
          "schema_version": 1,
          "attributes": {
            "actions_enabled": true,
            "alarm_actions": [
              "arn:aws:sns:us-west-2:061093365585:serendipity-dev-infra-alerts"
            ],
            "alarm_description": "High memory utilization in ECS service",
            "alarm_name": "serendipity-dev-ecs-serendipity-dev-tracking-history-cluster-serendipity-dev-tracking-history-service-high-memory",
            "arn": "arn:aws:cloudwatch:us-west-2:061093365585:alarm:serendipity-dev-ecs-serendipity-dev-tracking-history-cluster-serendipity-dev-tracking-history-service-high-memory",
            "comparison_operator": "GreaterThanThreshold",
            "datapoints_to_alarm": 0,
            "dimensions": {
              "ClusterName": "serendipity-dev-tracking-history-cluster",
              "ServiceName": "serendipity-dev-tracking-history-service"
            },
            "evaluate_low_sample_count_percentiles": "",
            "evaluation_periods": 2,
            "extended_statistic": "",
            "id": "serendipity-dev-ecs-serendipity-dev-tracking-history-cluster-serendipity-dev-tracking-history-service-high-memory",
            "insufficient_data_actions": [],
            "metric_name": "MemoryUtilization",
            "metric_query": [],
            "namespace": "AWS/ECS",
            "ok_actions": [],
            "period": 300,
            "region": "us-west-2",
            "statistic": "Average",
            "tags": {},
            "tags_all": {},
            "threshold": 80,
            "threshold_metric_id": "",
            "treat_missing_data": "missing",
            "unit": ""
          },
          "sensitive_attributes": [],
          "identity_schema_version": 0,
          "identity": {
            "account_id": "061093365585",
            "alarm_name": "serendipity-dev-ecs-serendipity-dev-tracking-history-cluster-serendipity-dev-tracking-history-service-high-memory",
            "region": "us-west-2"
          },
          "private": "eyJzY2hlbWFfdmVyc2lvbiI6IjEifQ==",
          "dependencies": [
            "aws_sns_topic.alerts"
          ]
        },
        {
          "index_key": "service3",
          "schema_version": 1,
          "attributes": {
            "actions_enabled": true,
            "alarm_actions": [
              "arn:aws:sns:us-west-2:061093365585:serendipity-dev-infra-alerts"
            ],
            "alarm_description": "High memory utilization in ECS service",
            "alarm_name": "serendipity-dev-ecs-serendipity-dev-mqtt-service-cluster-serendipity-dev-mqtt-service-service-high-memory",
            "arn": "arn:aws:cloudwatch:us-west-2:061093365585:alarm:serendipity-dev-ecs-serendipity-dev-mqtt-service-cluster-serendipity-dev-mqtt-service-service-high-memory",
            "comparison_operator": "GreaterThanThreshold",
            "datapoints_to_alarm": 0,
            "dimensions": {
              "ClusterName": "serendipity-dev-mqtt-service-cluster",
              "ServiceName": "serendipity-dev-mqtt-service-service"
            },
            "evaluate_low_sample_count_percentiles": "",
            "evaluation_periods": 2,
            "extended_statistic": "",
            "id": "serendipity-dev-ecs-serendipity-dev-mqtt-service-cluster-serendipity-dev-mqtt-service-service-high-memory",
            "insufficient_data_actions": [],
            "metric_name": "MemoryUtilization",
            "metric_query": [],
            "namespace": "AWS/ECS",
            "ok_actions": [],
            "period": 300,
            "region": "us-west-2",
            "statistic": "Average",
            "tags": {},
            "tags_all": {},
            "threshold": 80,
            "threshold_metric_id": "",
            "treat_missing_data": "missing",
            "unit": ""
          },
          "sensitive_attributes": [],
          "identity_schema_version": 0,
          "identity": {
            "account_id": "061093365585",
            "alarm_name": "serendipity-dev-ecs-serendipity-dev-mqtt-service-cluster-serendipity-dev-mqtt-service-service-high-memory",
            "region": "us-west-2"
          },
          "private": "eyJzY2hlbWFfdmVyc2lvbiI6IjEifQ==",
          "dependencies": [
            "aws_sns_topic.alerts"
          ]
        },
        {
          "index_key": "service4",
          "schema_version": 1,
          "attributes": {
            "actions_enabled": true,
            "alarm_actions": [
              "arn:aws:sns:us-west-2:061093365585:serendipity-dev-infra-alerts"
            ],
            "alarm_description": "High memory utilization in ECS service",
            "alarm_name": "serendipity-dev-ecs-serendipity-dev-mosquitto-cluster-serendipity-dev-mosquitto-service-high-memory",
            "arn": "arn:aws:cloudwatch:us-west-2:061093365585:alarm:serendipity-dev-ecs-serendipity-dev-mosquitto-cluster-serendipity-dev-mosquitto-service-high-memory",
            "comparison_operator": "GreaterThanThreshold",
            "datapoints_to_alarm": 0,
            "dimensions": {
              "ClusterName": "serendipity-dev-mosquitto-cluster",
              "ServiceName": "serendipity-dev-mosquitto-service"
            },
            "evaluate_low_sample_count_percentiles": "",
            "evaluation_periods": 2,
            "extended_statistic": "",
            "id": "serendipity-dev-ecs-serendipity-dev-mosquitto-cluster-serendipity-dev-mosquitto-service-high-memory",
            "insufficient_data_actions": [],
            "metric_name": "MemoryUtilization",
            "metric_query": [],
            "namespace": "AWS/ECS",
            "ok_actions": [],
            "period": 300,
            "region": "us-west-2",
            "statistic": "Average",
            "tags": {},
            "tags_all": {},
            "threshold": 80,
            "threshold_metric_id": "",
            "treat_missing_data": "missing",
            "unit": ""
          },
          "sensitive_attributes": [],
          "identity_schema_version": 0,
          "identity": {
            "account_id": "061093365585",
            "alarm_name": "serendipity-dev-ecs-serendipity-dev-mosquitto-cluster-serendipity-dev-mosquitto-service-high-memory",
            "region": "us-west-2"
          },
          "private": "eyJzY2hlbWFfdmVyc2lvbiI6IjEifQ==",
          "dependencies": [
            "aws_sns_topic.alerts"
          ]
        },
        {
          "index_key": "service5",
          "schema_version": 1,
          "attributes": {
            "actions_enabled": true,
            "alarm_actions": [
              "arn:aws:sns:us-west-2:061093365585:serendipity-dev-infra-alerts"
            ],
            "alarm_description": "High memory utilization in ECS service",
            "alarm_name": "serendipity-dev-ecs-serendipity-dev-chat-service-cluster-serendipity-dev-chat-service-service-high-memory",
            "arn": "arn:aws:cloudwatch:us-west-2:061093365585:alarm:serendipity-dev-ecs-serendipity-dev-chat-service-cluster-serendipity-dev-chat-service-service-high-memory",
            "comparison_operator": "GreaterThanThreshold",
            "datapoints_to_alarm": 0,
            "dimensions": {
              "ClusterName": "serendipity-dev-chat-service-cluster",
              "ServiceName": "serendipity-dev-chat-service-service"
            },
            "evaluate_low_sample_count_percentiles": "",
            "evaluation_periods": 2,
            "extended_statistic": "",
            "id": "serendipity-dev-ecs-serendipity-dev-chat-service-cluster-serendipity-dev-chat-service-service-high-memory",
            "insufficient_data_actions": [],
            "metric_name": "MemoryUtilization",
            "metric_query": [],
            "namespace": "AWS/ECS",
            "ok_actions": [],
            "period": 300,
            "region": "us-west-2",
            "statistic": "Average",
            "tags": {},
            "tags_all": {},
            "threshold": 80,
            "threshold_metric_id": "",
            "treat_missing_data": "missing",
            "unit": ""
          },
          "sensitive_attributes": [],
          "identity_schema_version": 0,
          "identity": {
            "account_id": "061093365585",
            "alarm_name": "serendipity-dev-ecs-serendipity-dev-chat-service-cluster-serendipity-dev-chat-service-service-high-memory",
            "region": "us-west-2"
          },
          "private": "eyJzY2hlbWFfdmVyc2lvbiI6IjEifQ==",
          "dependencies": [
            "aws_sns_topic.alerts"
          ]
        },
        {
          "index_key": "service6",
          "schema_version": 1,
          "attributes": {
            "actions_enabled": true,
            "alarm_actions": [
              "arn:aws:sns:us-west-2:061093365585:serendipity-dev-infra-alerts"
            ],
            "alarm_description": "High memory utilization in ECS service",
            "alarm_name": "serendipity-dev-ecs-serendipity-dev-graph-service-cluster-serendipity-dev-graph-service-service`-high-memory",
            "arn": "arn:aws:cloudwatch:us-west-2:061093365585:alarm:serendipity-dev-ecs-serendipity-dev-graph-service-cluster-serendipity-dev-graph-service-service`-high-memory",
            "comparison_operator": "GreaterThanThreshold",
            "datapoints_to_alarm": 0,
            "dimensions": {
              "ClusterName": "serendipity-dev-graph-service-cluster",
              "ServiceName": "serendipity-dev-graph-service-service`"
            },
            "evaluate_low_sample_count_percentiles": "",
            "evaluation_periods": 2,
            "extended_statistic": "",
            "id": "serendipity-dev-ecs-serendipity-dev-graph-service-cluster-serendipity-dev-graph-service-service`-high-memory",
            "insufficient_data_actions": [],
            "metric_name": "MemoryUtilization",
            "metric_query": [],
            "namespace": "AWS/ECS",
            "ok_actions": [],
            "period": 300,
            "region": "us-west-2",
            "statistic": "Average",
            "tags": {},
            "tags_all": {},
            "threshold": 80,
            "threshold_metric_id": "",
            "treat_missing_data": "missing",
            "unit": ""
          },
          "sensitive_attributes": [],
          "identity_schema_version": 0,
          "identity": {
            "account_id": "061093365585",
            "alarm_name": "serendipity-dev-ecs-serendipity-dev-graph-service-cluster-serendipity-dev-graph-service-service`-high-memory",
            "region": "us-west-2"
          },
          "private": "eyJzY2hlbWFfdmVyc2lvbiI6IjEifQ==",
          "dependencies": [
            "aws_sns_topic.alerts"
          ]
        }
      ]
    },
    {
      "mode": "managed",
      "type": "aws_cloudwatch_metric_alarm",
      "name": "ecs_running_tasks_low",
      "provider": "provider[\"registry.terraform.io/hashicorp/aws\"]",
      "instances": [
        {
          "index_key": "service1",
          "schema_version": 1,
          "attributes": {
            "actions_enabled": true,
            "alarm_actions": [
              "arn:aws:sns:us-west-2:061093365585:serendipity-dev-infra-alerts"
            ],
            "alarm_description": "ECS service running tasks below desired count",
            "alarm_name": "serendipity-dev-ecs-serendipity-dev-be-service-cluster-serendipity-dev-be-service-service-tasks-low",
            "arn": "arn:aws:cloudwatch:us-west-2:061093365585:alarm:serendipity-dev-ecs-serendipity-dev-be-service-cluster-serendipity-dev-be-service-service-tasks-low",
            "comparison_operator": "LessThanThreshold",
            "datapoints_to_alarm": 0,
            "dimensions": {
              "ClusterName": "serendipity-dev-be-service-cluster",
              "ServiceName": "serendipity-dev-be-service-service"
            },
            "evaluate_low_sample_count_percentiles": "",
            "evaluation_periods": 2,
            "extended_statistic": "",
            "id": "serendipity-dev-ecs-serendipity-dev-be-service-cluster-serendipity-dev-be-service-service-tasks-low",
            "insufficient_data_actions": [],
            "metric_name": "RunningTaskCount",
            "metric_query": [],
            "namespace": "AWS/ECS",
            "ok_actions": [],
            "period": 60,
            "region": "us-west-2",
            "statistic": "Minimum",
            "tags": {},
            "tags_all": {},
            "threshold": 1,
            "threshold_metric_id": "",
            "treat_missing_data": "notBreaching",
            "unit": ""
          },
          "sensitive_attributes": [],
          "identity_schema_version": 0,
          "identity": {
            "account_id": "061093365585",
            "alarm_name": "serendipity-dev-ecs-serendipity-dev-be-service-cluster-serendipity-dev-be-service-service-tasks-low",
            "region": "us-west-2"
          },
          "private": "eyJzY2hlbWFfdmVyc2lvbiI6IjEifQ==",
          "dependencies": [
            "aws_sns_topic.alerts"
          ]
        },
        {
          "index_key": "service2",
          "schema_version": 1,
          "attributes": {
            "actions_enabled": true,
            "alarm_actions": [
              "arn:aws:sns:us-west-2:061093365585:serendipity-dev-infra-alerts"
            ],
            "alarm_description": "ECS service running tasks below desired count",
            "alarm_name": "serendipity-dev-ecs-serendipity-dev-tracking-history-cluster-serendipity-dev-tracking-history-service-tasks-low",
            "arn": "arn:aws:cloudwatch:us-west-2:061093365585:alarm:serendipity-dev-ecs-serendipity-dev-tracking-history-cluster-serendipity-dev-tracking-history-service-tasks-low",
            "comparison_operator": "LessThanThreshold",
            "datapoints_to_alarm": 0,
            "dimensions": {
              "ClusterName": "serendipity-dev-tracking-history-cluster",
              "ServiceName": "serendipity-dev-tracking-history-service"
            },
            "evaluate_low_sample_count_percentiles": "",
            "evaluation_periods": 2,
            "extended_statistic": "",
            "id": "serendipity-dev-ecs-serendipity-dev-tracking-history-cluster-serendipity-dev-tracking-history-service-tasks-low",
            "insufficient_data_actions": [],
            "metric_name": "RunningTaskCount",
            "metric_query": [],
            "namespace": "AWS/ECS",
            "ok_actions": [],
            "period": 60,
            "region": "us-west-2",
            "statistic": "Minimum",
            "tags": {},
            "tags_all": {},
            "threshold": 1,
            "threshold_metric_id": "",
            "treat_missing_data": "notBreaching",
            "unit": ""
          },
          "sensitive_attributes": [],
          "identity_schema_version": 0,
          "identity": {
            "account_id": "061093365585",
            "alarm_name": "serendipity-dev-ecs-serendipity-dev-tracking-history-cluster-serendipity-dev-tracking-history-service-tasks-low",
            "region": "us-west-2"
          },
          "private": "eyJzY2hlbWFfdmVyc2lvbiI6IjEifQ==",
          "dependencies": [
            "aws_sns_topic.alerts"
          ]
        },
        {
          "index_key": "service3",
          "schema_version": 1,
          "attributes": {
            "actions_enabled": true,
            "alarm_actions": [
              "arn:aws:sns:us-west-2:061093365585:serendipity-dev-infra-alerts"
            ],
            "alarm_description": "ECS service running tasks below desired count",
            "alarm_name": "serendipity-dev-ecs-serendipity-dev-mqtt-service-cluster-serendipity-dev-mqtt-service-service-tasks-low",
            "arn": "arn:aws:cloudwatch:us-west-2:061093365585:alarm:serendipity-dev-ecs-serendipity-dev-mqtt-service-cluster-serendipity-dev-mqtt-service-service-tasks-low",
            "comparison_operator": "LessThanThreshold",
            "datapoints_to_alarm": 0,
            "dimensions": {
              "ClusterName": "serendipity-dev-mqtt-service-cluster",
              "ServiceName": "serendipity-dev-mqtt-service-service"
            },
            "evaluate_low_sample_count_percentiles": "",
            "evaluation_periods": 2,
            "extended_statistic": "",
            "id": "serendipity-dev-ecs-serendipity-dev-mqtt-service-cluster-serendipity-dev-mqtt-service-service-tasks-low",
            "insufficient_data_actions": [],
            "metric_name": "RunningTaskCount",
            "metric_query": [],
            "namespace": "AWS/ECS",
            "ok_actions": [],
            "period": 60,
            "region": "us-west-2",
            "statistic": "Minimum",
            "tags": {},
            "tags_all": {},
            "threshold": 1,
            "threshold_metric_id": "",
            "treat_missing_data": "notBreaching",
            "unit": ""
          },
          "sensitive_attributes": [],
          "identity_schema_version": 0,
          "identity": {
            "account_id": "061093365585",
            "alarm_name": "serendipity-dev-ecs-serendipity-dev-mqtt-service-cluster-serendipity-dev-mqtt-service-service-tasks-low",
            "region": "us-west-2"
          },
          "private": "eyJzY2hlbWFfdmVyc2lvbiI6IjEifQ==",
          "dependencies": [
            "aws_sns_topic.alerts"
          ]
        },
        {
          "index_key": "service4",
          "schema_version": 1,
          "attributes": {
            "actions_enabled": true,
            "alarm_actions": [
              "arn:aws:sns:us-west-2:061093365585:serendipity-dev-infra-alerts"
            ],
            "alarm_description": "ECS service running tasks below desired count",
            "alarm_name": "serendipity-dev-ecs-serendipity-dev-mosquitto-cluster-serendipity-dev-mosquitto-service-tasks-low",
            "arn": "arn:aws:cloudwatch:us-west-2:061093365585:alarm:serendipity-dev-ecs-serendipity-dev-mosquitto-cluster-serendipity-dev-mosquitto-service-tasks-low",
            "comparison_operator": "LessThanThreshold",
            "datapoints_to_alarm": 0,
            "dimensions": {
              "ClusterName": "serendipity-dev-mosquitto-cluster",
              "ServiceName": "serendipity-dev-mosquitto-service"
            },
            "evaluate_low_sample_count_percentiles": "",
            "evaluation_periods": 2,
            "extended_statistic": "",
            "id": "serendipity-dev-ecs-serendipity-dev-mosquitto-cluster-serendipity-dev-mosquitto-service-tasks-low",
            "insufficient_data_actions": [],
            "metric_name": "RunningTaskCount",
            "metric_query": [],
            "namespace": "AWS/ECS",
            "ok_actions": [],
            "period": 60,
            "region": "us-west-2",
            "statistic": "Minimum",
            "tags": {},
            "tags_all": {},
            "threshold": 1,
            "threshold_metric_id": "",
            "treat_missing_data": "notBreaching",
            "unit": ""
          },
          "sensitive_attributes": [],
          "identity_schema_version": 0,
          "identity": {
            "account_id": "061093365585",
            "alarm_name": "serendipity-dev-ecs-serendipity-dev-mosquitto-cluster-serendipity-dev-mosquitto-service-tasks-low",
            "region": "us-west-2"
          },
          "private": "eyJzY2hlbWFfdmVyc2lvbiI6IjEifQ==",
          "dependencies": [
            "aws_sns_topic.alerts"
          ]
        },
        {
          "index_key": "service5",
          "schema_version": 1,
          "attributes": {
            "actions_enabled": true,
            "alarm_actions": [
              "arn:aws:sns:us-west-2:061093365585:serendipity-dev-infra-alerts"
            ],
            "alarm_description": "ECS service running tasks below desired count",
            "alarm_name": "serendipity-dev-ecs-serendipity-dev-chat-service-cluster-serendipity-dev-chat-service-service-tasks-low",
            "arn": "arn:aws:cloudwatch:us-west-2:061093365585:alarm:serendipity-dev-ecs-serendipity-dev-chat-service-cluster-serendipity-dev-chat-service-service-tasks-low",
            "comparison_operator": "LessThanThreshold",
            "datapoints_to_alarm": 0,
            "dimensions": {
              "ClusterName": "serendipity-dev-chat-service-cluster",
              "ServiceName": "serendipity-dev-chat-service-service"
            },
            "evaluate_low_sample_count_percentiles": "",
            "evaluation_periods": 2,
            "extended_statistic": "",
            "id": "serendipity-dev-ecs-serendipity-dev-chat-service-cluster-serendipity-dev-chat-service-service-tasks-low",
            "insufficient_data_actions": [],
            "metric_name": "RunningTaskCount",
            "metric_query": [],
            "namespace": "AWS/ECS",
            "ok_actions": [],
            "period": 60,
            "region": "us-west-2",
            "statistic": "Minimum",
            "tags": {},
            "tags_all": {},
            "threshold": 1,
            "threshold_metric_id": "",
            "treat_missing_data": "notBreaching",
            "unit": ""
          },
          "sensitive_attributes": [],
          "identity_schema_version": 0,
          "identity": {
            "account_id": "061093365585",
            "alarm_name": "serendipity-dev-ecs-serendipity-dev-chat-service-cluster-serendipity-dev-chat-service-service-tasks-low",
            "region": "us-west-2"
          },
          "private": "eyJzY2hlbWFfdmVyc2lvbiI6IjEifQ==",
          "dependencies": [
            "aws_sns_topic.alerts"
          ]
        },
        {
          "index_key": "service6",
          "schema_version": 1,
          "attributes": {
            "actions_enabled": true,
            "alarm_actions": [
              "arn:aws:sns:us-west-2:061093365585:serendipity-dev-infra-alerts"
            ],
            "alarm_description": "ECS service running tasks below desired count",
            "alarm_name": "serendipity-dev-ecs-serendipity-dev-graph-service-cluster-serendipity-dev-graph-service-service`-tasks-low",
            "arn": "arn:aws:cloudwatch:us-west-2:061093365585:alarm:serendipity-dev-ecs-serendipity-dev-graph-service-cluster-serendipity-dev-graph-service-service`-tasks-low",
            "comparison_operator": "LessThanThreshold",
            "datapoints_to_alarm": 0,
            "dimensions": {
              "ClusterName": "serendipity-dev-graph-service-cluster",
              "ServiceName": "serendipity-dev-graph-service-service`"
            },
            "evaluate_low_sample_count_percentiles": "",
            "evaluation_periods": 2,
            "extended_statistic": "",
            "id": "serendipity-dev-ecs-serendipity-dev-graph-service-cluster-serendipity-dev-graph-service-service`-tasks-low",
            "insufficient_data_actions": [],
            "metric_name": "RunningTaskCount",
            "metric_query": [],
            "namespace": "AWS/ECS",
            "ok_actions": [],
            "period": 60,
            "region": "us-west-2",
            "statistic": "Minimum",
            "tags": {},
            "tags_all": {},
            "threshold": 1,
            "threshold_metric_id": "",
            "treat_missing_data": "notBreaching",
            "unit": ""
          },
          "sensitive_attributes": [],
          "identity_schema_version": 0,
          "identity": {
            "account_id": "061093365585",
            "alarm_name": "serendipity-dev-ecs-serendipity-dev-graph-service-cluster-serendipity-dev-graph-service-service`-tasks-low",
            "region": "us-west-2"
          },
          "private": "eyJzY2hlbWFfdmVyc2lvbiI6IjEifQ==",
          "dependencies": [
            "aws_sns_topic.alerts"
          ]
        }
      ]
    },
    {
      "mode": "managed",
      "type": "aws_cloudwatch_metric_alarm",
      "name": "opensearch_cluster_red",
      "provider": "provider[\"registry.terraform.io/hashicorp/aws\"]",
      "instances": [
        {
          "schema_version": 1,
          "attributes": {
            "actions_enabled": true,
            "alarm_actions": [
              "arn:aws:sns:us-west-2:061093365585:serendipity-dev-infra-alerts"
            ],
            "alarm_description": "OpenSearch cluster status is RED",
            "alarm_name": "serendipity-dev-opensearch-serendipity-dev-sdapp-cluster-red",
            "arn": "arn:aws:cloudwatch:us-west-2:061093365585:alarm:serendipity-dev-opensearch-serendipity-dev-sdapp-cluster-red",
            "comparison_operator": "GreaterThanOrEqualToThreshold",
            "datapoints_to_alarm": 0,
            "dimensions": {
              "ClientId": "061093365585",
              "DomainName": "serendipity-dev-sdapp"
            },
            "evaluate_low_sample_count_percentiles": "",
            "evaluation_periods": 1,
            "extended_statistic": "",
            "id": "serendipity-dev-opensearch-serendipity-dev-sdapp-cluster-red",
            "insufficient_data_actions": [],
            "metric_name": "ClusterStatus.red",
            "metric_query": [],
            "namespace": "AWS/ES",
            "ok_actions": [],
            "period": 60,
            "region": "us-west-2",
            "statistic": "Maximum",
            "tags": {},
            "tags_all": {},
            "threshold": 1,
            "threshold_metric_id": "",
            "treat_missing_data": "missing",
            "unit": ""
          },
          "sensitive_attributes": [],
          "identity_schema_version": 0,
          "identity": {
            "account_id": "061093365585",
            "alarm_name": "serendipity-dev-opensearch-serendipity-dev-sdapp-cluster-red",
            "region": "us-west-2"
          },
          "private": "eyJzY2hlbWFfdmVyc2lvbiI6IjEifQ==",
          "dependencies": [
            "aws_sns_topic.alerts",
            "data.aws_caller_identity.current"
          ]
        }
      ]
    },
    {
      "mode": "managed",
      "type": "aws_cloudwatch_metric_alarm",
      "name": "opensearch_cluster_yellow",
      "provider": "provider[\"registry.terraform.io/hashicorp/aws\"]",
      "instances": [
        {
          "schema_version": 1,
          "attributes": {
            "actions_enabled": true,
            "alarm_actions": [
              "arn:aws:sns:us-west-2:061093365585:serendipity-dev-infra-alerts"
            ],
            "alarm_description": "OpenSearch cluster status is YELLOW",
            "alarm_name": "serendipity-dev-opensearch-serendipity-dev-sdapp-cluster-yellow",
            "arn": "arn:aws:cloudwatch:us-west-2:061093365585:alarm:serendipity-dev-opensearch-serendipity-dev-sdapp-cluster-yellow",
            "comparison_operator": "GreaterThanOrEqualToThreshold",
            "datapoints_to_alarm": 0,
            "dimensions": {
              "ClientId": "061093365585",
              "DomainName": "serendipity-dev-sdapp"
            },
            "evaluate_low_sample_count_percentiles": "",
            "evaluation_periods": 2,
            "extended_statistic": "",
            "id": "serendipity-dev-opensearch-serendipity-dev-sdapp-cluster-yellow",
            "insufficient_data_actions": [],
            "metric_name": "ClusterStatus.yellow",
            "metric_query": [],
            "namespace": "AWS/ES",
            "ok_actions": [],
            "period": 300,
            "region": "us-west-2",
            "statistic": "Maximum",
            "tags": {},
            "tags_all": {},
            "threshold": 1,
            "threshold_metric_id": "",
            "treat_missing_data": "missing",
            "unit": ""
          },
          "sensitive_attributes": [],
          "identity_schema_version": 0,
          "identity": {
            "account_id": "061093365585",
            "alarm_name": "serendipity-dev-opensearch-serendipity-dev-sdapp-cluster-yellow",
            "region": "us-west-2"
          },
          "private": "eyJzY2hlbWFfdmVyc2lvbiI6IjEifQ==",
          "dependencies": [
            "aws_sns_topic.alerts",
            "data.aws_caller_identity.current"
          ]
        }
      ]
    },
    {
      "mode": "managed",
      "type": "aws_cloudwatch_metric_alarm",
      "name": "opensearch_index_blocked",
      "provider": "provider[\"registry.terraform.io/hashicorp/aws\"]",
      "instances": [
        {
          "schema_version": 1,
          "attributes": {
            "actions_enabled": true,
            "alarm_actions": [
              "arn:aws:sns:us-west-2:061093365585:serendipity-dev-infra-alerts"
            ],
            "alarm_description": "Index writes blocked in OpenSearch",
            "alarm_name": "serendipity-dev-opensearch-serendipity-dev-sdapp-index-blocked",
            "arn": "arn:aws:cloudwatch:us-west-2:061093365585:alarm:serendipity-dev-opensearch-serendipity-dev-sdapp-index-blocked",
            "comparison_operator": "GreaterThanOrEqualToThreshold",
            "datapoints_to_alarm": 0,
            "dimensions": {
              "ClientId": "061093365585",
              "DomainName": "serendipity-dev-sdapp"
            },
            "evaluate_low_sample_count_percentiles": "",
            "evaluation_periods": 1,
            "extended_statistic": "",
            "id": "serendipity-dev-opensearch-serendipity-dev-sdapp-index-blocked",
            "insufficient_data_actions": [],
            "metric_name": "ClusterIndexWritesBlocked",
            "metric_query": [],
            "namespace": "AWS/ES",
            "ok_actions": [],
            "period": 60,
            "region": "us-west-2",
            "statistic": "Maximum",
            "tags": {},
            "tags_all": {},
            "threshold": 1,
            "threshold_metric_id": "",
            "treat_missing_data": "missing",
            "unit": ""
          },
          "sensitive_attributes": [],
          "identity_schema_version": 0,
          "identity": {
            "account_id": "061093365585",
            "alarm_name": "serendipity-dev-opensearch-serendipity-dev-sdapp-index-blocked",
            "region": "us-west-2"
          },
          "private": "eyJzY2hlbWFfdmVyc2lvbiI6IjEifQ==",
          "dependencies": [
            "aws_sns_topic.alerts",
            "data.aws_caller_identity.current"
          ]
        }
      ]
    },
    {
      "mode": "managed",
      "type": "aws_cloudwatch_metric_alarm",
      "name": "opensearch_jvm_pressure",
      "provider": "provider[\"registry.terraform.io/hashicorp/aws\"]",
      "instances": [
        {
          "schema_version": 1,
          "attributes": {
            "actions_enabled": true,
            "alarm_actions": [
              "arn:aws:sns:us-west-2:061093365585:serendipity-dev-infra-alerts"
            ],
            "alarm_description": "High JVM memory pressure in OpenSearch",
            "alarm_name": "serendipity-dev-opensearch-serendipity-dev-sdapp-jvm-high",
            "arn": "arn:aws:cloudwatch:us-west-2:061093365585:alarm:serendipity-dev-opensearch-serendipity-dev-sdapp-jvm-high",
            "comparison_operator": "GreaterThanThreshold",
            "datapoints_to_alarm": 0,
            "dimensions": {
              "ClientId": "061093365585",
              "DomainName": "serendipity-dev-sdapp"
            },
            "evaluate_low_sample_count_percentiles": "",
            "evaluation_periods": 2,
            "extended_statistic": "",
            "id": "serendipity-dev-opensearch-serendipity-dev-sdapp-jvm-high",
            "insufficient_data_actions": [],
            "metric_name": "JVMMemoryPressure",
            "metric_query": [],
            "namespace": "AWS/ES",
            "ok_actions": [],
            "period": 300,
            "region": "us-west-2",
            "statistic": "Average",
            "tags": {},
            "tags_all": {},
            "threshold": 75,
            "threshold_metric_id": "",
            "treat_missing_data": "missing",
            "unit": ""
          },
          "sensitive_attributes": [],
          "identity_schema_version": 0,
          "identity": {
            "account_id": "061093365585",
            "alarm_name": "serendipity-dev-opensearch-serendipity-dev-sdapp-jvm-high",
            "region": "us-west-2"
          },
          "private": "eyJzY2hlbWFfdmVyc2lvbiI6IjEifQ==",
          "dependencies": [
            "aws_sns_topic.alerts",
            "data.aws_caller_identity.current"
          ]
        }
      ]
    },
    {
      "mode": "managed",
      "type": "aws_cloudwatch_metric_alarm",
      "name": "opensearch_low_disk",
      "provider": "provider[\"registry.terraform.io/hashicorp/aws\"]",
      "instances": [
        {
          "schema_version": 1,
          "attributes": {
            "actions_enabled": true,
            "alarm_actions": [
              "arn:aws:sns:us-west-2:061093365585:serendipity-dev-infra-alerts"
            ],
            "alarm_description": "Low disk space on OpenSearch nodes",
            "alarm_name": "serendipity-dev-opensearch-serendipity-dev-sdapp-low-disk",
            "arn": "arn:aws:cloudwatch:us-west-2:061093365585:alarm:serendipity-dev-opensearch-serendipity-dev-sdapp-low-disk",
            "comparison_operator": "LessThanThreshold",
            "datapoints_to_alarm": 0,
            "dimensions": {
              "ClientId": "061093365585",
              "DomainName": "serendipity-dev-sdapp"
            },
            "evaluate_low_sample_count_percentiles": "",
            "evaluation_periods": 2,
            "extended_statistic": "",
            "id": "serendipity-dev-opensearch-serendipity-dev-sdapp-low-disk",
            "insufficient_data_actions": [],
            "metric_name": "FreeStorageSpace",
            "metric_query": [],
            "namespace": "AWS/ES",
            "ok_actions": [],
            "period": 300,
            "region": "us-west-2",
            "statistic": "Minimum",
            "tags": {},
            "tags_all": {},
            "threshold": 10240,
            "threshold_metric_id": "",
            "treat_missing_data": "missing",
            "unit": ""
          },
          "sensitive_attributes": [],
          "identity_schema_version": 0,
          "identity": {
            "account_id": "061093365585",
            "alarm_name": "serendipity-dev-opensearch-serendipity-dev-sdapp-low-disk",
            "region": "us-west-2"
          },
          "private": "eyJzY2hlbWFfdmVyc2lvbiI6IjEifQ==",
          "dependencies": [
            "aws_sns_topic.alerts",
            "data.aws_caller_identity.current"
          ]
        }
      ]
    },
    {
      "mode": "managed",
      "type": "aws_cloudwatch_metric_alarm",
      "name": "opensearch_master_not_reachable",
      "provider": "provider[\"registry.terraform.io/hashicorp/aws\"]",
      "instances": [
        {
          "schema_version": 1,
          "attributes": {
            "actions_enabled": true,
            "alarm_actions": [
              "arn:aws:sns:us-west-2:061093365585:serendipity-dev-infra-alerts"
            ],
            "alarm_description": "OpenSearch master node is not reachable",
            "alarm_name": "serendipity-dev-opensearch-serendipity-dev-sdapp-master-not-reachable",
            "arn": "arn:aws:cloudwatch:us-west-2:061093365585:alarm:serendipity-dev-opensearch-serendipity-dev-sdapp-master-not-reachable",
            "comparison_operator": "LessThanThreshold",
            "datapoints_to_alarm": 0,
            "dimensions": {
              "ClientId": "061093365585",
              "DomainName": "serendipity-dev-sdapp"
            },
            "evaluate_low_sample_count_percentiles": "",
            "evaluation_periods": 2,
            "extended_statistic": "",
            "id": "serendipity-dev-opensearch-serendipity-dev-sdapp-master-not-reachable",
            "insufficient_data_actions": [],
            "metric_name": "MasterReachableFromNode",
            "metric_query": [],
            "namespace": "AWS/ES",
            "ok_actions": [],
            "period": 60,
            "region": "us-west-2",
            "statistic": "Minimum",
            "tags": {},
            "tags_all": {},
            "threshold": 1,
            "threshold_metric_id": "",
            "treat_missing_data": "missing",
            "unit": ""
          },
          "sensitive_attributes": [],
          "identity_schema_version": 0,
          "identity": {
            "account_id": "061093365585",
            "alarm_name": "serendipity-dev-opensearch-serendipity-dev-sdapp-master-not-reachable",
            "region": "us-west-2"
          },
          "private": "eyJzY2hlbWFfdmVyc2lvbiI6IjEifQ==",
          "dependencies": [
            "aws_sns_topic.alerts",
            "data.aws_caller_identity.current"
          ]
        }
      ]
    },
    {
      "mode": "managed",
      "type": "aws_cloudwatch_metric_alarm",
      "name": "rds_capacity_maxed",
      "provider": "provider[\"registry.terraform.io/hashicorp/aws\"]",
      "instances": [
        {
          "schema_version": 1,
          "attributes": {
            "actions_enabled": true,
            "alarm_actions": [
              "arn:aws:sns:us-west-2:061093365585:serendipity-dev-infra-alerts"
            ],
            "alarm_description": "Aurora Serverless capacity reached maximum ACU",
            "alarm_name": "serendipity-dev-rds-serendipity-dev-cluster-capacity-maxed",
            "arn": "arn:aws:cloudwatch:us-west-2:061093365585:alarm:serendipity-dev-rds-serendipity-dev-cluster-capacity-maxed",
            "comparison_operator": "GreaterThanOrEqualToThreshold",
            "datapoints_to_alarm": 0,
            "dimensions": {
              "DBClusterIdentifier": "serendipity-dev-cluster"
            },
            "evaluate_low_sample_count_percentiles": "",
            "evaluation_periods": 2,
            "extended_statistic": "",
            "id": "serendipity-dev-rds-serendipity-dev-cluster-capacity-maxed",
            "insufficient_data_actions": [],
            "metric_name": "ServerlessDatabaseCapacity",
            "metric_query": [],
            "namespace": "AWS/RDS",
            "ok_actions": [],
            "period": 300,
            "region": "us-west-2",
            "statistic": "Average",
            "tags": {},
            "tags_all": {},
            "threshold": 64,
            "threshold_metric_id": "",
            "treat_missing_data": "missing",
            "unit": ""
          },
          "sensitive_attributes": [],
          "identity_schema_version": 0,
          "identity": {
            "account_id": "061093365585",
            "alarm_name": "serendipity-dev-rds-serendipity-dev-cluster-capacity-maxed",
            "region": "us-west-2"
          },
          "private": "eyJzY2hlbWFfdmVyc2lvbiI6IjEifQ==",
          "dependencies": [
            "aws_sns_topic.alerts"
          ]
        }
      ]
    },
    {
      "mode": "managed",
      "type": "aws_cloudwatch_metric_alarm",
      "name": "rds_cluster_unavailable",
      "provider": "provider[\"registry.terraform.io/hashicorp/aws\"]",
      "instances": [
        {
          "schema_version": 1,
          "attributes": {
            "actions_enabled": true,
            "alarm_actions": [
              "arn:aws:sns:us-west-2:061093365585:serendipity-dev-infra-alerts"
            ],
            "alarm_description": "Aurora cluster is not available",
            "alarm_name": "serendipity-dev-rds-serendipity-dev-cluster-unavailable",
            "arn": "arn:aws:cloudwatch:us-west-2:061093365585:alarm:serendipity-dev-rds-serendipity-dev-cluster-unavailable",
            "comparison_operator": "LessThanThreshold",
            "datapoints_to_alarm": 0,
            "dimensions": {
              "DBClusterIdentifier": "serendipity-dev-cluster"
            },
            "evaluate_low_sample_count_percentiles": "",
            "evaluation_periods": 2,
            "extended_statistic": "",
            "id": "serendipity-dev-rds-serendipity-dev-cluster-unavailable",
            "insufficient_data_actions": [],
            "metric_name": "DBClusterStatus",
            "metric_query": [],
            "namespace": "AWS/RDS",
            "ok_actions": [],
            "period": 60,
            "region": "us-west-2",
            "statistic": "Minimum",
            "tags": {},
            "tags_all": {},
            "threshold": 1,
            "threshold_metric_id": "",
            "treat_missing_data": "missing",
            "unit": ""
          },
          "sensitive_attributes": [],
          "identity_schema_version": 0,
          "identity": {
            "account_id": "061093365585",
            "alarm_name": "serendipity-dev-rds-serendipity-dev-cluster-unavailable",
            "region": "us-west-2"
          },
          "private": "eyJzY2hlbWFfdmVyc2lvbiI6IjEifQ==",
          "dependencies": [
            "aws_sns_topic.alerts"
          ]
        }
      ]
    },
    {
      "mode": "managed",
      "type": "aws_cloudwatch_metric_alarm",
      "name": "rds_deadlocks",
      "provider": "provider[\"registry.terraform.io/hashicorp/aws\"]",
      "instances": [
        {
          "schema_version": 1,
          "attributes": {
            "actions_enabled": true,
            "alarm_actions": [
              "arn:aws:sns:us-west-2:061093365585:serendipity-dev-infra-alerts"
            ],
            "alarm_description": "Deadlocks detected in Aurora PostgreSQL",
            "alarm_name": "serendipity-dev-rds-serendipity-dev-cluster-deadlocks",
            "arn": "arn:aws:cloudwatch:us-west-2:061093365585:alarm:serendipity-dev-rds-serendipity-dev-cluster-deadlocks",
            "comparison_operator": "GreaterThanThreshold",
            "datapoints_to_alarm": 0,
            "dimensions": {
              "DBClusterIdentifier": "serendipity-dev-cluster"
            },
            "evaluate_low_sample_count_percentiles": "",
            "evaluation_periods": 1,
            "extended_statistic": "",
            "id": "serendipity-dev-rds-serendipity-dev-cluster-deadlocks",
            "insufficient_data_actions": [],
            "metric_name": "Deadlocks",
            "metric_query": [],
            "namespace": "AWS/RDS",
            "ok_actions": [],
            "period": 300,
            "region": "us-west-2",
            "statistic": "Sum",
            "tags": {},
            "tags_all": {},
            "threshold": 0,
            "threshold_metric_id": "",
            "treat_missing_data": "missing",
            "unit": ""
          },
          "sensitive_attributes": [],
          "identity_schema_version": 0,
          "identity": {
            "account_id": "061093365585",
            "alarm_name": "serendipity-dev-rds-serendipity-dev-cluster-deadlocks",
            "region": "us-west-2"
          },
          "private": "eyJzY2hlbWFfdmVyc2lvbiI6IjEifQ==",
          "dependencies": [
            "aws_sns_topic.alerts"
          ]
        }
      ]
    },
    {
      "mode": "managed",
      "type": "aws_cloudwatch_metric_alarm",
      "name": "rds_high_connections",
      "provider": "provider[\"registry.terraform.io/hashicorp/aws\"]",
      "instances": [
        {
          "schema_version": 1,
          "attributes": {
            "actions_enabled": true,
            "alarm_actions": [
              "arn:aws:sns:us-west-2:061093365585:serendipity-dev-infra-alerts"
            ],
            "alarm_description": "High DB connections (over 80%)",
            "alarm_name": "serendipity-dev-rds-serendipity-dev-cluster-high-connections",
            "arn": "arn:aws:cloudwatch:us-west-2:061093365585:alarm:serendipity-dev-rds-serendipity-dev-cluster-high-connections",
            "comparison_operator": "GreaterThanThreshold",
            "datapoints_to_alarm": 0,
            "dimensions": {
              "DBClusterIdentifier": "serendipity-dev-cluster"
            },
            "evaluate_low_sample_count_percentiles": "",
            "evaluation_periods": 2,
            "extended_statistic": "",
            "id": "serendipity-dev-rds-serendipity-dev-cluster-high-connections",
            "insufficient_data_actions": [],
            "metric_name": "DatabaseConnections",
            "metric_query": [],
            "namespace": "AWS/RDS",
            "ok_actions": [],
            "period": 300,
            "region": "us-west-2",
            "statistic": "Average",
            "tags": {},
            "tags_all": {},
            "threshold": 4800,
            "threshold_metric_id": "",
            "treat_missing_data": "missing",
            "unit": ""
          },
          "sensitive_attributes": [],
          "identity_schema_version": 0,
          "identity": {
            "account_id": "061093365585",
            "alarm_name": "serendipity-dev-rds-serendipity-dev-cluster-high-connections",
            "region": "us-west-2"
          },
          "private": "eyJzY2hlbWFfdmVyc2lvbiI6IjEifQ==",
          "dependencies": [
            "aws_sns_topic.alerts"
          ]
        }
      ]
    },
    {
      "mode": "managed",
      "type": "aws_cloudwatch_metric_alarm",
      "name": "rds_low_memory",
      "provider": "provider[\"registry.terraform.io/hashicorp/aws\"]",
      "instances": [
        {
          "schema_version": 1,
          "attributes": {
            "actions_enabled": true,
            "alarm_actions": [
              "arn:aws:sns:us-west-2:061093365585:serendipity-dev-infra-alerts"
            ],
            "alarm_description": "Aurora low freeable memory",
            "alarm_name": "serendipity-dev-rds-serendipity-dev-cluster-low-memory",
            "arn": "arn:aws:cloudwatch:us-west-2:061093365585:alarm:serendipity-dev-rds-serendipity-dev-cluster-low-memory",
            "comparison_operator": "LessThanThreshold",
            "datapoints_to_alarm": 0,
            "dimensions": {
              "DBClusterIdentifier": "serendipity-dev-cluster"
            },
            "evaluate_low_sample_count_percentiles": "",
            "evaluation_periods": 2,
            "extended_statistic": "",
            "id": "serendipity-dev-rds-serendipity-dev-cluster-low-memory",
            "insufficient_data_actions": [],
            "metric_name": "FreeableMemory",
            "metric_query": [],
            "namespace": "AWS/RDS",
            "ok_actions": [],
            "period": 300,
            "region": "us-west-2",
            "statistic": "Average",
            "tags": {},
            "tags_all": {},
            "threshold": 2147483648,
            "threshold_metric_id": "",
            "treat_missing_data": "missing",
            "unit": ""
          },
          "sensitive_attributes": [],
          "identity_schema_version": 0,
          "identity": {
            "account_id": "061093365585",
            "alarm_name": "serendipity-dev-rds-serendipity-dev-cluster-low-memory",
            "region": "us-west-2"
          },
          "private": "eyJzY2hlbWFfdmVyc2lvbiI6IjEifQ==",
          "dependencies": [
            "aws_sns_topic.alerts"
          ]
        }
      ]
    },
    {
      "mode": "managed",
      "type": "aws_sns_topic",
      "name": "alerts",
      "provider": "provider[\"registry.terraform.io/hashicorp/aws\"]",
      "instances": [
        {
          "schema_version": 0,
          "attributes": {
            "application_failure_feedback_role_arn": "",
            "application_success_feedback_role_arn": "",
            "application_success_feedback_sample_rate": 0,
            "archive_policy": "",
            "arn": "arn:aws:sns:us-west-2:061093365585:serendipity-dev-infra-alerts",
            "beginning_archive_time": "",
            "content_based_deduplication": false,
            "delivery_policy": "",
            "display_name": "",
            "fifo_throughput_scope": "",
            "fifo_topic": false,
            "firehose_failure_feedback_role_arn": "",
            "firehose_success_feedback_role_arn": "",
            "firehose_success_feedback_sample_rate": 0,
            "http_failure_feedback_role_arn": "",
            "http_success_feedback_role_arn": "",
            "http_success_feedback_sample_rate": 0,
            "id": "arn:aws:sns:us-west-2:061093365585:serendipity-dev-infra-alerts",
            "kms_master_key_id": "",
            "lambda_failure_feedback_role_arn": "",
            "lambda_success_feedback_role_arn": "",
            "lambda_success_feedback_sample_rate": 0,
            "name": "serendipity-dev-infra-alerts",
            "name_prefix": "",
            "owner": "061093365585",
            "policy": "{\"Id\":\"__default_policy_ID\",\"Statement\":[{\"Action\":[\"SNS:GetTopicAttributes\",\"SNS:SetTopicAttributes\",\"SNS:AddPermission\",\"SNS:RemovePermission\",\"SNS:DeleteTopic\",\"SNS:Subscribe\",\"SNS:ListSubscriptionsByTopic\",\"SNS:Publish\"],\"Condition\":{\"StringEquals\":{\"AWS:SourceOwner\":\"061093365585\"}},\"Effect\":\"Allow\",\"Principal\":{\"AWS\":\"*\"},\"Resource\":\"arn:aws:sns:us-west-2:061093365585:serendipity-dev-infra-alerts\",\"Sid\":\"__default_statement_ID\"}],\"Version\":\"2008-10-17\"}",
            "region": "us-west-2",
            "signature_version": 0,
            "sqs_failure_feedback_role_arn": "",
            "sqs_success_feedback_role_arn": "",
            "sqs_success_feedback_sample_rate": 0,
            "tags": {},
            "tags_all": {},
            "tracing_config": ""
          },
          "sensitive_attributes": [],
          "identity_schema_version": 0,
          "identity": {
            "arn": "arn:aws:sns:us-west-2:061093365585:serendipity-dev-infra-alerts"
          },
          "private": "bnVsbA=="
        }
      ]
    },
    {
      "mode": "managed",
      "type": "aws_sns_topic_subscription",
      "name": "email_alert",
      "provider": "provider[\"registry.terraform.io/hashicorp/aws\"]",
      "instances": [
        {
          "schema_version": 0,
          "attributes": {
            "arn": "arn:aws:sns:us-west-2:061093365585:serendipity-dev-infra-alerts:2340a1e7-33da-48d4-bae4-eb4697d8362d",
            "confirmation_timeout_in_minutes": 1,
            "confirmation_was_authenticated": false,
            "delivery_policy": "",
            "endpoint": "msp-support+serendipity@meyicloud.com",
            "endpoint_auto_confirms": false,
            "filter_policy": "",
            "filter_policy_scope": "",
            "id": "arn:aws:sns:us-west-2:061093365585:serendipity-dev-infra-alerts:2340a1e7-33da-48d4-bae4-eb4697d8362d",
            "owner_id": "061093365585",
            "pending_confirmation": false,
            "protocol": "email",
            "raw_message_delivery": false,
            "redrive_policy": "",
            "region": "us-west-2",
            "replay_policy": "",
            "subscription_role_arn": "",
            "topic_arn": "arn:aws:sns:us-west-2:061093365585:serendipity-dev-infra-alerts"
          },
          "sensitive_attributes": [],
          "identity_schema_version": 0,
          "identity": {
            "arn": "arn:aws:sns:us-west-2:061093365585:serendipity-dev-infra-alerts:2340a1e7-33da-48d4-bae4-eb4697d8362d"
          },
          "private": "bnVsbA==",
          "dependencies": [
            "aws_sns_topic.alerts"
          ]
        }
      ]
    }
  ],
  "check_results": null
}
